// !$*UTF8*$!
{
	archiveVersion = 1;
	classes = {
	};
	objectVersion = 48;
	objects = {

/* Begin PBXBuildFile section */
		68BDDEB0EE1990636A3CAD06 /* Pods_edadil.framework in Frameworks */ = {isa = PBXBuildFile; fileRef = 4839BDD6E8B2B6BE5C668A79 /* Pods_edadil.framework */; };
		7D1CEC745B8B0B4E6D856CD1 /* Pods_edadilTests.framework in Frameworks */ = {isa = PBXBuildFile; fileRef = 065DC59F08AFE1ABE4D1C0CA /* Pods_edadilTests.framework */; };
		830F1C1A1EB49F6BEF024376 /* Pods_edadilUITests.framework in Frameworks */ = {isa = PBXBuildFile; fileRef = 1F36B4473F1CA00743F7090D /* Pods_edadilUITests.framework */; };
		94D3D0BF1FA344CF00DBD39C /* AppDelegate.swift in Sources */ = {isa = PBXBuildFile; fileRef = 94D3D0BE1FA344CF00DBD39C /* AppDelegate.swift */; };
		94D3D0C11FA344CF00DBD39C /* ViewController.swift in Sources */ = {isa = PBXBuildFile; fileRef = 94D3D0C01FA344CF00DBD39C /* ViewController.swift */; };
		94D3D0C61FA344CF00DBD39C /* Assets.xcassets in Resources */ = {isa = PBXBuildFile; fileRef = 94D3D0C51FA344CF00DBD39C /* Assets.xcassets */; };
		94D3D0C91FA344CF00DBD39C /* LaunchScreen.storyboard in Resources */ = {isa = PBXBuildFile; fileRef = 94D3D0C71FA344CF00DBD39C /* LaunchScreen.storyboard */; };
		94D3D0D41FA344D000DBD39C /* edadilTests.swift in Sources */ = {isa = PBXBuildFile; fileRef = 94D3D0D31FA344D000DBD39C /* edadilTests.swift */; };
		94D3D0DF1FA344D000DBD39C /* edadilUITests.swift in Sources */ = {isa = PBXBuildFile; fileRef = 94D3D0DE1FA344D000DBD39C /* edadilUITests.swift */; };
		94D3D0EF1FA344EB00DBD39C /* SearchViewController.m in Sources */ = {isa = PBXBuildFile; fileRef = 94D3D0EE1FA344EB00DBD39C /* SearchViewController.m */; };
		94D3D0F11FA3450400DBD39C /* MainTabBarViewController.swift in Sources */ = {isa = PBXBuildFile; fileRef = 94D3D0F01FA3450400DBD39C /* MainTabBarViewController.swift */; };
		94D3D0F41FA3455F00DBD39C /* Model.xcdatamodeld in Sources */ = {isa = PBXBuildFile; fileRef = 94D3D0F21FA3455F00DBD39C /* Model.xcdatamodeld */; };
		94D3D0F61FA346D200DBD39C /* SearchDecorator.swift in Sources */ = {isa = PBXBuildFile; fileRef = 94D3D0F51FA346D200DBD39C /* SearchDecorator.swift */; };
		94D3D0F81FA34FE000DBD39C /* ProductTableViewCell.swift in Sources */ = {isa = PBXBuildFile; fileRef = 94D3D0F71FA34FE000DBD39C /* ProductTableViewCell.swift */; };
		94D3D0FD1FA353F600DBD39C /* Product+CoreDataClass.m in Sources */ = {isa = PBXBuildFile; fileRef = 94D3D0F91FA353F600DBD39C /* Product+CoreDataClass.m */; };
		94D3D0FE1FA353F600DBD39C /* Product+CoreDataProperties.m in Sources */ = {isa = PBXBuildFile; fileRef = 94D3D0FB1FA353F600DBD39C /* Product+CoreDataProperties.m */; };
		94D3D1001FA3550400DBD39C /* SearchPresenter.swift in Sources */ = {isa = PBXBuildFile; fileRef = 94D3D0FF1FA3550400DBD39C /* SearchPresenter.swift */; };
		94D3D1031FA3566B00DBD39C /* NSManagedObject+FetchedResults.swift in Sources */ = {isa = PBXBuildFile; fileRef = 94D3D1011FA3566B00DBD39C /* NSManagedObject+FetchedResults.swift */; };
		94D3D1041FA3566B00DBD39C /* NSManagedObject+Importable.swift in Sources */ = {isa = PBXBuildFile; fileRef = 94D3D1021FA3566B00DBD39C /* NSManagedObject+Importable.swift */; };
		94E23D691FAB4F5F00BA77AC /* TableViewCell.swift in Sources */ = {isa = PBXBuildFile; fileRef = 94E23D671FAB4F5F00BA77AC /* TableViewCell.swift */; };
		94E23D6A1FAB4F5F00BA77AC /* TableViewCell.xib in Resources */ = {isa = PBXBuildFile; fileRef = 94E23D681FAB4F5F00BA77AC /* TableViewCell.xib */; };
/* End PBXBuildFile section */

/* Begin PBXContainerItemProxy section */
		94D3D0D01FA344D000DBD39C /* PBXContainerItemProxy */ = {
			isa = PBXContainerItemProxy;
			containerPortal = 94D3D0B31FA344CF00DBD39C /* Project object */;
			proxyType = 1;
			remoteGlobalIDString = 94D3D0BA1FA344CF00DBD39C;
			remoteInfo = edadil;
		};
		94D3D0DB1FA344D000DBD39C /* PBXContainerItemProxy */ = {
			isa = PBXContainerItemProxy;
			containerPortal = 94D3D0B31FA344CF00DBD39C /* Project object */;
			proxyType = 1;
			remoteGlobalIDString = 94D3D0BA1FA344CF00DBD39C;
			remoteInfo = edadil;
		};
/* End PBXContainerItemProxy section */

/* Begin PBXFileReference section */
		065DC59F08AFE1ABE4D1C0CA /* Pods_edadilTests.framework */ = {isa = PBXFileReference; explicitFileType = wrapper.framework; includeInIndex = 0; path = Pods_edadilTests.framework; sourceTree = BUILT_PRODUCTS_DIR; };
		0A2B6D1FB05D9A9576FC0EE2 /* Pods-edadil.debug.xcconfig */ = {isa = PBXFileReference; includeInIndex = 1; lastKnownFileType = text.xcconfig; name = "Pods-edadil.debug.xcconfig"; path = "Pods/Target Support Files/Pods-edadil/Pods-edadil.debug.xcconfig"; sourceTree = "<group>"; };
		15E418B95C67E98CFC14C085 /* Pods-edadilUITests.release.xcconfig */ = {isa = PBXFileReference; includeInIndex = 1; lastKnownFileType = text.xcconfig; name = "Pods-edadilUITests.release.xcconfig"; path = "Pods/Target Support Files/Pods-edadilUITests/Pods-edadilUITests.release.xcconfig"; sourceTree = "<group>"; };
		170C653EDBB2C4907E4CB523 /* Pods-edadilUITests.debug.xcconfig */ = {isa = PBXFileReference; includeInIndex = 1; lastKnownFileType = text.xcconfig; name = "Pods-edadilUITests.debug.xcconfig"; path = "Pods/Target Support Files/Pods-edadilUITests/Pods-edadilUITests.debug.xcconfig"; sourceTree = "<group>"; };
		1F36B4473F1CA00743F7090D /* Pods_edadilUITests.framework */ = {isa = PBXFileReference; explicitFileType = wrapper.framework; includeInIndex = 0; path = Pods_edadilUITests.framework; sourceTree = BUILT_PRODUCTS_DIR; };
		4839BDD6E8B2B6BE5C668A79 /* Pods_edadil.framework */ = {isa = PBXFileReference; explicitFileType = wrapper.framework; includeInIndex = 0; path = Pods_edadil.framework; sourceTree = BUILT_PRODUCTS_DIR; };
		518C952CD1C8BE5CC0C1663C /* Pods-edadil.release.xcconfig */ = {isa = PBXFileReference; includeInIndex = 1; lastKnownFileType = text.xcconfig; name = "Pods-edadil.release.xcconfig"; path = "Pods/Target Support Files/Pods-edadil/Pods-edadil.release.xcconfig"; sourceTree = "<group>"; };
		94D3D0BB1FA344CF00DBD39C /* edadil.app */ = {isa = PBXFileReference; explicitFileType = wrapper.application; includeInIndex = 0; path = edadil.app; sourceTree = BUILT_PRODUCTS_DIR; };
		94D3D0BE1FA344CF00DBD39C /* AppDelegate.swift */ = {isa = PBXFileReference; lastKnownFileType = sourcecode.swift; path = AppDelegate.swift; sourceTree = "<group>"; };
		94D3D0C01FA344CF00DBD39C /* ViewController.swift */ = {isa = PBXFileReference; lastKnownFileType = sourcecode.swift; path = ViewController.swift; sourceTree = "<group>"; };
		94D3D0C51FA344CF00DBD39C /* Assets.xcassets */ = {isa = PBXFileReference; lastKnownFileType = folder.assetcatalog; path = Assets.xcassets; sourceTree = "<group>"; };
		94D3D0C81FA344CF00DBD39C /* Base */ = {isa = PBXFileReference; lastKnownFileType = file.storyboard; name = Base; path = Base.lproj/LaunchScreen.storyboard; sourceTree = "<group>"; };
		94D3D0CA1FA344CF00DBD39C /* Info.plist */ = {isa = PBXFileReference; lastKnownFileType = text.plist.xml; path = Info.plist; sourceTree = "<group>"; };
		94D3D0CF1FA344D000DBD39C /* edadilTests.xctest */ = {isa = PBXFileReference; explicitFileType = wrapper.cfbundle; includeInIndex = 0; path = edadilTests.xctest; sourceTree = BUILT_PRODUCTS_DIR; };
		94D3D0D31FA344D000DBD39C /* edadilTests.swift */ = {isa = PBXFileReference; lastKnownFileType = sourcecode.swift; path = edadilTests.swift; sourceTree = "<group>"; };
		94D3D0D51FA344D000DBD39C /* Info.plist */ = {isa = PBXFileReference; lastKnownFileType = text.plist.xml; path = Info.plist; sourceTree = "<group>"; };
		94D3D0DA1FA344D000DBD39C /* edadilUITests.xctest */ = {isa = PBXFileReference; explicitFileType = wrapper.cfbundle; includeInIndex = 0; path = edadilUITests.xctest; sourceTree = BUILT_PRODUCTS_DIR; };
		94D3D0DE1FA344D000DBD39C /* edadilUITests.swift */ = {isa = PBXFileReference; lastKnownFileType = sourcecode.swift; path = edadilUITests.swift; sourceTree = "<group>"; };
		94D3D0E01FA344D000DBD39C /* Info.plist */ = {isa = PBXFileReference; lastKnownFileType = text.plist.xml; path = Info.plist; sourceTree = "<group>"; };
		94D3D0EC1FA344EB00DBD39C /* edadil-Bridging-Header.h */ = {isa = PBXFileReference; lastKnownFileType = sourcecode.c.h; path = "edadil-Bridging-Header.h"; sourceTree = "<group>"; };
		94D3D0ED1FA344EB00DBD39C /* SearchViewController.h */ = {isa = PBXFileReference; lastKnownFileType = sourcecode.c.h; path = SearchViewController.h; sourceTree = "<group>"; };
		94D3D0EE1FA344EB00DBD39C /* SearchViewController.m */ = {isa = PBXFileReference; lastKnownFileType = sourcecode.c.objc; path = SearchViewController.m; sourceTree = "<group>"; };
		94D3D0F01FA3450400DBD39C /* MainTabBarViewController.swift */ = {isa = PBXFileReference; lastKnownFileType = sourcecode.swift; path = MainTabBarViewController.swift; sourceTree = "<group>"; };
		94D3D0F31FA3455F00DBD39C /* Model.xcdatamodel */ = {isa = PBXFileReference; lastKnownFileType = wrapper.xcdatamodel; path = Model.xcdatamodel; sourceTree = "<group>"; };
		94D3D0F51FA346D200DBD39C /* SearchDecorator.swift */ = {isa = PBXFileReference; lastKnownFileType = sourcecode.swift; path = SearchDecorator.swift; sourceTree = "<group>"; };
		94D3D0F71FA34FE000DBD39C /* ProductTableViewCell.swift */ = {isa = PBXFileReference; lastKnownFileType = sourcecode.swift; path = ProductTableViewCell.swift; sourceTree = "<group>"; };
		94D3D0F91FA353F600DBD39C /* Product+CoreDataClass.m */ = {isa = PBXFileReference; lastKnownFileType = sourcecode.c.objc; name = "Product+CoreDataClass.m"; path = "/Users/maxim/Desktop/edadil/edadil/Product+CoreDataClass.m"; sourceTree = "<absolute>"; };
		94D3D0FA1FA353F600DBD39C /* Product+CoreDataProperties.h */ = {isa = PBXFileReference; lastKnownFileType = sourcecode.c.h; name = "Product+CoreDataProperties.h"; path = "/Users/maxim/Desktop/edadil/edadil/Product+CoreDataProperties.h"; sourceTree = "<absolute>"; };
		94D3D0FB1FA353F600DBD39C /* Product+CoreDataProperties.m */ = {isa = PBXFileReference; lastKnownFileType = sourcecode.c.objc; name = "Product+CoreDataProperties.m"; path = "/Users/maxim/Desktop/edadil/edadil/Product+CoreDataProperties.m"; sourceTree = "<absolute>"; };
		94D3D0FC1FA353F600DBD39C /* Product+CoreDataClass.h */ = {isa = PBXFileReference; lastKnownFileType = sourcecode.c.h; name = "Product+CoreDataClass.h"; path = "/Users/maxim/Desktop/edadil/edadil/Product+CoreDataClass.h"; sourceTree = "<absolute>"; };
		94D3D0FF1FA3550400DBD39C /* SearchPresenter.swift */ = {isa = PBXFileReference; lastKnownFileType = sourcecode.swift; path = SearchPresenter.swift; sourceTree = "<group>"; };
		94D3D1011FA3566B00DBD39C /* NSManagedObject+FetchedResults.swift */ = {isa = PBXFileReference; fileEncoding = 4; lastKnownFileType = sourcecode.swift; path = "NSManagedObject+FetchedResults.swift"; sourceTree = "<group>"; };
		94D3D1021FA3566B00DBD39C /* NSManagedObject+Importable.swift */ = {isa = PBXFileReference; fileEncoding = 4; lastKnownFileType = sourcecode.swift; path = "NSManagedObject+Importable.swift"; sourceTree = "<group>"; };
		94E23D671FAB4F5F00BA77AC /* TableViewCell.swift */ = {isa = PBXFileReference; lastKnownFileType = sourcecode.swift; path = TableViewCell.swift; sourceTree = "<group>"; };
		94E23D681FAB4F5F00BA77AC /* TableViewCell.xib */ = {isa = PBXFileReference; lastKnownFileType = file.xib; path = TableViewCell.xib; sourceTree = "<group>"; };
		B09F268D1D61193B5FD0C4A3 /* Pods-edadilTests.debug.xcconfig */ = {isa = PBXFileReference; includeInIndex = 1; lastKnownFileType = text.xcconfig; name = "Pods-edadilTests.debug.xcconfig"; path = "Pods/Target Support Files/Pods-edadilTests/Pods-edadilTests.debug.xcconfig"; sourceTree = "<group>"; };
		D6416EED0CF474619912E3CD /* Pods-edadilTests.release.xcconfig */ = {isa = PBXFileReference; includeInIndex = 1; lastKnownFileType = text.xcconfig; name = "Pods-edadilTests.release.xcconfig"; path = "Pods/Target Support Files/Pods-edadilTests/Pods-edadilTests.release.xcconfig"; sourceTree = "<group>"; };
/* End PBXFileReference section */

/* Begin PBXFrameworksBuildPhase section */
		94D3D0B81FA344CF00DBD39C /* Frameworks */ = {
			isa = PBXFrameworksBuildPhase;
			buildActionMask = 2147483647;
			files = (
				68BDDEB0EE1990636A3CAD06 /* Pods_edadil.framework in Frameworks */,
			);
			runOnlyForDeploymentPostprocessing = 0;
		};
		94D3D0CC1FA344D000DBD39C /* Frameworks */ = {
			isa = PBXFrameworksBuildPhase;
			buildActionMask = 2147483647;
			files = (
				7D1CEC745B8B0B4E6D856CD1 /* Pods_edadilTests.framework in Frameworks */,
			);
			runOnlyForDeploymentPostprocessing = 0;
		};
		94D3D0D71FA344D000DBD39C /* Frameworks */ = {
			isa = PBXFrameworksBuildPhase;
			buildActionMask = 2147483647;
			files = (
				830F1C1A1EB49F6BEF024376 /* Pods_edadilUITests.framework in Frameworks */,
			);
			runOnlyForDeploymentPostprocessing = 0;
		};
/* End PBXFrameworksBuildPhase section */

/* Begin PBXGroup section */
		3985C15FAB49283AA6838DCD /* Frameworks */ = {
			isa = PBXGroup;
			children = (
				4839BDD6E8B2B6BE5C668A79 /* Pods_edadil.framework */,
				065DC59F08AFE1ABE4D1C0CA /* Pods_edadilTests.framework */,
				1F36B4473F1CA00743F7090D /* Pods_edadilUITests.framework */,
			);
			name = Frameworks;
			sourceTree = "<group>";
		};
		94D3D0B21FA344CF00DBD39C = {
			isa = PBXGroup;
			children = (
				94D3D0BD1FA344CF00DBD39C /* edadil */,
				94D3D0D21FA344D000DBD39C /* edadilTests */,
				94D3D0DD1FA344D000DBD39C /* edadilUITests */,
				94D3D0BC1FA344CF00DBD39C /* Products */,
				FDA0D183066628FA06888CF1 /* Pods */,
				3985C15FAB49283AA6838DCD /* Frameworks */,
			);
			sourceTree = "<group>";
		};
		94D3D0BC1FA344CF00DBD39C /* Products */ = {
			isa = PBXGroup;
			children = (
				94D3D0BB1FA344CF00DBD39C /* edadil.app */,
				94D3D0CF1FA344D000DBD39C /* edadilTests.xctest */,
				94D3D0DA1FA344D000DBD39C /* edadilUITests.xctest */,
			);
			name = Products;
			sourceTree = "<group>";
		};
		94D3D0BD1FA344CF00DBD39C /* edadil */ = {
			isa = PBXGroup;
			children = (
				94D3D1011FA3566B00DBD39C /* NSManagedObject+FetchedResults.swift */,
				94D3D1021FA3566B00DBD39C /* NSManagedObject+Importable.swift */,
				94D3D0FA1FA353F600DBD39C /* Product+CoreDataProperties.h */,
				94D3D0FC1FA353F600DBD39C /* Product+CoreDataClass.h */,
				94D3D0F91FA353F600DBD39C /* Product+CoreDataClass.m */,
				94D3D0FB1FA353F600DBD39C /* Product+CoreDataProperties.m */,
				94D3D0BE1FA344CF00DBD39C /* AppDelegate.swift */,
				94D3D0F21FA3455F00DBD39C /* Model.xcdatamodeld */,
				94D3D0C01FA344CF00DBD39C /* ViewController.swift */,
				94D3D0C51FA344CF00DBD39C /* Assets.xcassets */,
				94D3D0C71FA344CF00DBD39C /* LaunchScreen.storyboard */,
				94D3D0CA1FA344CF00DBD39C /* Info.plist */,
				94D3D0F51FA346D200DBD39C /* SearchDecorator.swift */,
				94D3D0FF1FA3550400DBD39C /* SearchPresenter.swift */,
				94E23D671FAB4F5F00BA77AC /* TableViewCell.swift */,
				94E23D681FAB4F5F00BA77AC /* TableViewCell.xib */,
				94D3D0F71FA34FE000DBD39C /* ProductTableViewCell.swift */,
				94D3D0ED1FA344EB00DBD39C /* SearchViewController.h */,
				94D3D0EE1FA344EB00DBD39C /* SearchViewController.m */,
				94D3D0EC1FA344EB00DBD39C /* edadil-Bridging-Header.h */,
				94D3D0F01FA3450400DBD39C /* MainTabBarViewController.swift */,
			);
			path = edadil;
			sourceTree = "<group>";
		};
		94D3D0D21FA344D000DBD39C /* edadilTests */ = {
			isa = PBXGroup;
			children = (
				94D3D0D31FA344D000DBD39C /* edadilTests.swift */,
				94D3D0D51FA344D000DBD39C /* Info.plist */,
			);
			path = edadilTests;
			sourceTree = "<group>";
		};
		94D3D0DD1FA344D000DBD39C /* edadilUITests */ = {
			isa = PBXGroup;
			children = (
				94D3D0DE1FA344D000DBD39C /* edadilUITests.swift */,
				94D3D0E01FA344D000DBD39C /* Info.plist */,
			);
			path = edadilUITests;
			sourceTree = "<group>";
		};
		FDA0D183066628FA06888CF1 /* Pods */ = {
			isa = PBXGroup;
			children = (
				0A2B6D1FB05D9A9576FC0EE2 /* Pods-edadil.debug.xcconfig */,
				518C952CD1C8BE5CC0C1663C /* Pods-edadil.release.xcconfig */,
				B09F268D1D61193B5FD0C4A3 /* Pods-edadilTests.debug.xcconfig */,
				D6416EED0CF474619912E3CD /* Pods-edadilTests.release.xcconfig */,
				170C653EDBB2C4907E4CB523 /* Pods-edadilUITests.debug.xcconfig */,
				15E418B95C67E98CFC14C085 /* Pods-edadilUITests.release.xcconfig */,
			);
			name = Pods;
			sourceTree = "<group>";
		};
/* End PBXGroup section */

/* Begin PBXNativeTarget section */
		94D3D0BA1FA344CF00DBD39C /* edadil */ = {
			isa = PBXNativeTarget;
			buildConfigurationList = 94D3D0E31FA344D000DBD39C /* Build configuration list for PBXNativeTarget "edadil" */;
			buildPhases = (
				F58C827B988919E4CC2F1C3F /* [CP] Check Pods Manifest.lock */,
				94D3D0B71FA344CF00DBD39C /* Sources */,
				94D3D0B81FA344CF00DBD39C /* Frameworks */,
				94D3D0B91FA344CF00DBD39C /* Resources */,
				CF2AEE9BBDF9AB6253B39CEE /* [CP] Embed Pods Frameworks */,
				67E7C9A8D73FDBE4C0740BBE /* [CP] Copy Pods Resources */,
			);
			buildRules = (
			);
			dependencies = (
			);
			name = edadil;
			productName = edadil;
			productReference = 94D3D0BB1FA344CF00DBD39C /* edadil.app */;
			productType = "com.apple.product-type.application";
		};
		94D3D0CE1FA344D000DBD39C /* edadilTests */ = {
			isa = PBXNativeTarget;
			buildConfigurationList = 94D3D0E61FA344D000DBD39C /* Build configuration list for PBXNativeTarget "edadilTests" */;
			buildPhases = (
				44BA6E5BB133EB1B5E2A667C /* [CP] Check Pods Manifest.lock */,
				94D3D0CB1FA344D000DBD39C /* Sources */,
				94D3D0CC1FA344D000DBD39C /* Frameworks */,
				94D3D0CD1FA344D000DBD39C /* Resources */,
				AE2455B049C99C660F498ECC /* [CP] Embed Pods Frameworks */,
				7CB53A39B91B86B2F74BA9B8 /* [CP] Copy Pods Resources */,
			);
			buildRules = (
			);
			dependencies = (
				94D3D0D11FA344D000DBD39C /* PBXTargetDependency */,
			);
			name = edadilTests;
			productName = edadilTests;
			productReference = 94D3D0CF1FA344D000DBD39C /* edadilTests.xctest */;
			productType = "com.apple.product-type.bundle.unit-test";
		};
		94D3D0D91FA344D000DBD39C /* edadilUITests */ = {
			isa = PBXNativeTarget;
			buildConfigurationList = 94D3D0E91FA344D000DBD39C /* Build configuration list for PBXNativeTarget "edadilUITests" */;
			buildPhases = (
				48920719CD2B7F3359DB0036 /* [CP] Check Pods Manifest.lock */,
				94D3D0D61FA344D000DBD39C /* Sources */,
				94D3D0D71FA344D000DBD39C /* Frameworks */,
				94D3D0D81FA344D000DBD39C /* Resources */,
				BF765A8872BFE29488DF4ABD /* [CP] Embed Pods Frameworks */,
				8739BB3E926BF6673BCA8362 /* [CP] Copy Pods Resources */,
			);
			buildRules = (
			);
			dependencies = (
				94D3D0DC1FA344D000DBD39C /* PBXTargetDependency */,
			);
			name = edadilUITests;
			productName = edadilUITests;
			productReference = 94D3D0DA1FA344D000DBD39C /* edadilUITests.xctest */;
			productType = "com.apple.product-type.bundle.ui-testing";
		};
/* End PBXNativeTarget section */

/* Begin PBXProject section */
		94D3D0B31FA344CF00DBD39C /* Project object */ = {
			isa = PBXProject;
			attributes = {
				LastSwiftUpdateCheck = 0900;
				LastUpgradeCheck = 0900;
				ORGANIZATIONNAME = "Maxim Kolesnik";
				TargetAttributes = {
					94D3D0BA1FA344CF00DBD39C = {
						CreatedOnToolsVersion = 9.0.1;
						LastSwiftMigration = 0900;
						ProvisioningStyle = Automatic;
					};
					94D3D0CE1FA344D000DBD39C = {
						CreatedOnToolsVersion = 9.0.1;
						ProvisioningStyle = Automatic;
						TestTargetID = 94D3D0BA1FA344CF00DBD39C;
					};
					94D3D0D91FA344D000DBD39C = {
						CreatedOnToolsVersion = 9.0.1;
						ProvisioningStyle = Automatic;
						TestTargetID = 94D3D0BA1FA344CF00DBD39C;
					};
				};
			};
			buildConfigurationList = 94D3D0B61FA344CF00DBD39C /* Build configuration list for PBXProject "edadil" */;
			compatibilityVersion = "Xcode 8.0";
			developmentRegion = en;
			hasScannedForEncodings = 0;
			knownRegions = (
				en,
				Base,
			);
			mainGroup = 94D3D0B21FA344CF00DBD39C;
			productRefGroup = 94D3D0BC1FA344CF00DBD39C /* Products */;
			projectDirPath = "";
			projectRoot = "";
			targets = (
				94D3D0BA1FA344CF00DBD39C /* edadil */,
				94D3D0CE1FA344D000DBD39C /* edadilTests */,
				94D3D0D91FA344D000DBD39C /* edadilUITests */,
			);
		};
/* End PBXProject section */

/* Begin PBXResourcesBuildPhase section */
		94D3D0B91FA344CF00DBD39C /* Resources */ = {
			isa = PBXResourcesBuildPhase;
			buildActionMask = 2147483647;
			files = (
				94D3D0C91FA344CF00DBD39C /* LaunchScreen.storyboard in Resources */,
				94E23D6A1FAB4F5F00BA77AC /* TableViewCell.xib in Resources */,
				94D3D0C61FA344CF00DBD39C /* Assets.xcassets in Resources */,
			);
			runOnlyForDeploymentPostprocessing = 0;
		};
		94D3D0CD1FA344D000DBD39C /* Resources */ = {
			isa = PBXResourcesBuildPhase;
			buildActionMask = 2147483647;
			files = (
			);
			runOnlyForDeploymentPostprocessing = 0;
		};
		94D3D0D81FA344D000DBD39C /* Resources */ = {
			isa = PBXResourcesBuildPhase;
			buildActionMask = 2147483647;
			files = (
			);
			runOnlyForDeploymentPostprocessing = 0;
		};
/* End PBXResourcesBuildPhase section */

/* Begin PBXShellScriptBuildPhase section */
		44BA6E5BB133EB1B5E2A667C /* [CP] Check Pods Manifest.lock */ = {
			isa = PBXShellScriptBuildPhase;
			buildActionMask = 2147483647;
			files = (
			);
			inputPaths = (
				"${PODS_PODFILE_DIR_PATH}/Podfile.lock",
				"${PODS_ROOT}/Manifest.lock",
			);
			name = "[CP] Check Pods Manifest.lock";
			outputPaths = (
				"$(DERIVED_FILE_DIR)/Pods-edadilTests-checkManifestLockResult.txt",
			);
			runOnlyForDeploymentPostprocessing = 0;
			shellPath = /bin/sh;
			shellScript = "diff \"${PODS_PODFILE_DIR_PATH}/Podfile.lock\" \"${PODS_ROOT}/Manifest.lock\" > /dev/null\nif [ $? != 0 ] ; then\n    # print error to STDERR\n    echo \"error: The sandbox is not in sync with the Podfile.lock. Run 'pod install' or update your CocoaPods installation.\" >&2\n    exit 1\nfi\n# This output is used by Xcode 'outputs' to avoid re-running this script phase.\necho \"SUCCESS\" > \"${SCRIPT_OUTPUT_FILE_0}\"\n";
			showEnvVarsInLog = 0;
		};
		48920719CD2B7F3359DB0036 /* [CP] Check Pods Manifest.lock */ = {
			isa = PBXShellScriptBuildPhase;
			buildActionMask = 2147483647;
			files = (
			);
			inputPaths = (
				"${PODS_PODFILE_DIR_PATH}/Podfile.lock",
				"${PODS_ROOT}/Manifest.lock",
			);
			name = "[CP] Check Pods Manifest.lock";
			outputPaths = (
				"$(DERIVED_FILE_DIR)/Pods-edadilUITests-checkManifestLockResult.txt",
			);
			runOnlyForDeploymentPostprocessing = 0;
			shellPath = /bin/sh;
			shellScript = "diff \"${PODS_PODFILE_DIR_PATH}/Podfile.lock\" \"${PODS_ROOT}/Manifest.lock\" > /dev/null\nif [ $? != 0 ] ; then\n    # print error to STDERR\n    echo \"error: The sandbox is not in sync with the Podfile.lock. Run 'pod install' or update your CocoaPods installation.\" >&2\n    exit 1\nfi\n# This output is used by Xcode 'outputs' to avoid re-running this script phase.\necho \"SUCCESS\" > \"${SCRIPT_OUTPUT_FILE_0}\"\n";
			showEnvVarsInLog = 0;
		};
		67E7C9A8D73FDBE4C0740BBE /* [CP] Copy Pods Resources */ = {
			isa = PBXShellScriptBuildPhase;
			buildActionMask = 2147483647;
			files = (
			);
			inputPaths = (
			);
			name = "[CP] Copy Pods Resources";
			outputPaths = (
			);
			runOnlyForDeploymentPostprocessing = 0;
			shellPath = /bin/sh;
			shellScript = "\"${SRCROOT}/Pods/Target Support Files/Pods-edadil/Pods-edadil-resources.sh\"\n";
			showEnvVarsInLog = 0;
		};
		7CB53A39B91B86B2F74BA9B8 /* [CP] Copy Pods Resources */ = {
			isa = PBXShellScriptBuildPhase;
			buildActionMask = 2147483647;
			files = (
			);
			inputPaths = (
			);
			name = "[CP] Copy Pods Resources";
			outputPaths = (
			);
			runOnlyForDeploymentPostprocessing = 0;
			shellPath = /bin/sh;
			shellScript = "\"${SRCROOT}/Pods/Target Support Files/Pods-edadilTests/Pods-edadilTests-resources.sh\"\n";
			showEnvVarsInLog = 0;
		};
		8739BB3E926BF6673BCA8362 /* [CP] Copy Pods Resources */ = {
			isa = PBXShellScriptBuildPhase;
			buildActionMask = 2147483647;
			files = (
			);
			inputPaths = (
			);
			name = "[CP] Copy Pods Resources";
			outputPaths = (
			);
			runOnlyForDeploymentPostprocessing = 0;
			shellPath = /bin/sh;
			shellScript = "\"${SRCROOT}/Pods/Target Support Files/Pods-edadilUITests/Pods-edadilUITests-resources.sh\"\n";
			showEnvVarsInLog = 0;
		};
		AE2455B049C99C660F498ECC /* [CP] Embed Pods Frameworks */ = {
			isa = PBXShellScriptBuildPhase;
			buildActionMask = 2147483647;
			files = (
			);
			inputPaths = (
			);
			name = "[CP] Embed Pods Frameworks";
			outputPaths = (
			);
			runOnlyForDeploymentPostprocessing = 0;
			shellPath = /bin/sh;
			shellScript = "\"${SRCROOT}/Pods/Target Support Files/Pods-edadilTests/Pods-edadilTests-frameworks.sh\"\n";
			showEnvVarsInLog = 0;
		};
		BF765A8872BFE29488DF4ABD /* [CP] Embed Pods Frameworks */ = {
			isa = PBXShellScriptBuildPhase;
			buildActionMask = 2147483647;
			files = (
			);
			inputPaths = (
			);
			name = "[CP] Embed Pods Frameworks";
			outputPaths = (
			);
			runOnlyForDeploymentPostprocessing = 0;
			shellPath = /bin/sh;
			shellScript = "\"${SRCROOT}/Pods/Target Support Files/Pods-edadilUITests/Pods-edadilUITests-frameworks.sh\"\n";
			showEnvVarsInLog = 0;
		};
		CF2AEE9BBDF9AB6253B39CEE /* [CP] Embed Pods Frameworks */ = {
			isa = PBXShellScriptBuildPhase;
			buildActionMask = 2147483647;
			files = (
			);
			inputPaths = (
				"${SRCROOT}/Pods/Target Support Files/Pods-edadil/Pods-edadil-frameworks.sh",
				"${BUILT_PRODUCTS_DIR}/Alamofire/Alamofire.framework",
				"${BUILT_PRODUCTS_DIR}/DTModelStorage/DTModelStorage.framework",
				"${BUILT_PRODUCTS_DIR}/DTTableViewManager/DTTableViewManager.framework",
				"${BUILT_PRODUCTS_DIR}/MagicalRecord/MagicalRecord.framework",
				"${BUILT_PRODUCTS_DIR}/SnapKit/SnapKit.framework",
			);
			name = "[CP] Embed Pods Frameworks";
			outputPaths = (
				"${TARGET_BUILD_DIR}/${FRAMEWORKS_FOLDER_PATH}/Alamofire.framework",
				"${TARGET_BUILD_DIR}/${FRAMEWORKS_FOLDER_PATH}/DTModelStorage.framework",
				"${TARGET_BUILD_DIR}/${FRAMEWORKS_FOLDER_PATH}/DTTableViewManager.framework",
				"${TARGET_BUILD_DIR}/${FRAMEWORKS_FOLDER_PATH}/MagicalRecord.framework",
				"${TARGET_BUILD_DIR}/${FRAMEWORKS_FOLDER_PATH}/SnapKit.framework",
			);
			runOnlyForDeploymentPostprocessing = 0;
			shellPath = /bin/sh;
			shellScript = "\"${SRCROOT}/Pods/Target Support Files/Pods-edadil/Pods-edadil-frameworks.sh\"\n";
			showEnvVarsInLog = 0;
		};
		F58C827B988919E4CC2F1C3F /* [CP] Check Pods Manifest.lock */ = {
			isa = PBXShellScriptBuildPhase;
			buildActionMask = 2147483647;
			files = (
			);
			inputPaths = (
				"${PODS_PODFILE_DIR_PATH}/Podfile.lock",
				"${PODS_ROOT}/Manifest.lock",
			);
			name = "[CP] Check Pods Manifest.lock";
			outputPaths = (
				"$(DERIVED_FILE_DIR)/Pods-edadil-checkManifestLockResult.txt",
			);
			runOnlyForDeploymentPostprocessing = 0;
			shellPath = /bin/sh;
			shellScript = "diff \"${PODS_PODFILE_DIR_PATH}/Podfile.lock\" \"${PODS_ROOT}/Manifest.lock\" > /dev/null\nif [ $? != 0 ] ; then\n    # print error to STDERR\n    echo \"error: The sandbox is not in sync with the Podfile.lock. Run 'pod install' or update your CocoaPods installation.\" >&2\n    exit 1\nfi\n# This output is used by Xcode 'outputs' to avoid re-running this script phase.\necho \"SUCCESS\" > \"${SCRIPT_OUTPUT_FILE_0}\"\n";
			showEnvVarsInLog = 0;
		};
/* End PBXShellScriptBuildPhase section */

/* Begin PBXSourcesBuildPhase section */
		94D3D0B71FA344CF00DBD39C /* Sources */ = {
			isa = PBXSourcesBuildPhase;
			buildActionMask = 2147483647;
			files = (
				94E23D691FAB4F5F00BA77AC /* TableViewCell.swift in Sources */,
				94D3D1031FA3566B00DBD39C /* NSManagedObject+FetchedResults.swift in Sources */,
				94D3D0C11FA344CF00DBD39C /* ViewController.swift in Sources */,
				94D3D0F11FA3450400DBD39C /* MainTabBarViewController.swift in Sources */,
				94D3D1001FA3550400DBD39C /* SearchPresenter.swift in Sources */,
				94D3D1041FA3566B00DBD39C /* NSManagedObject+Importable.swift in Sources */,
				94D3D0F81FA34FE000DBD39C /* ProductTableViewCell.swift in Sources */,
				94D3D0F41FA3455F00DBD39C /* Model.xcdatamodeld in Sources */,
				94D3D0F61FA346D200DBD39C /* SearchDecorator.swift in Sources */,
				94D3D0EF1FA344EB00DBD39C /* SearchViewController.m in Sources */,
				94D3D0BF1FA344CF00DBD39C /* AppDelegate.swift in Sources */,
				94D3D0FD1FA353F600DBD39C /* Product+CoreDataClass.m in Sources */,
				94D3D0FE1FA353F600DBD39C /* Product+CoreDataProperties.m in Sources */,
			);
			runOnlyForDeploymentPostprocessing = 0;
		};
		94D3D0CB1FA344D000DBD39C /* Sources */ = {
			isa = PBXSourcesBuildPhase;
			buildActionMask = 2147483647;
			files = (
				94D3D0D41FA344D000DBD39C /* edadilTests.swift in Sources */,
			);
			runOnlyForDeploymentPostprocessing = 0;
		};
		94D3D0D61FA344D000DBD39C /* Sources */ = {
			isa = PBXSourcesBuildPhase;
			buildActionMask = 2147483647;
			files = (
				94D3D0DF1FA344D000DBD39C /* edadilUITests.swift in Sources */,
			);
			runOnlyForDeploymentPostprocessing = 0;
		};
/* End PBXSourcesBuildPhase section */

/* Begin PBXTargetDependency section */
		94D3D0D11FA344D000DBD39C /* PBXTargetDependency */ = {
			isa = PBXTargetDependency;
			target = 94D3D0BA1FA344CF00DBD39C /* edadil */;
			targetProxy = 94D3D0D01FA344D000DBD39C /* PBXContainerItemProxy */;
		};
		94D3D0DC1FA344D000DBD39C /* PBXTargetDependency */ = {
			isa = PBXTargetDependency;
			target = 94D3D0BA1FA344CF00DBD39C /* edadil */;
			targetProxy = 94D3D0DB1FA344D000DBD39C /* PBXContainerItemProxy */;
		};
/* End PBXTargetDependency section */

/* Begin PBXVariantGroup section */
		94D3D0C71FA344CF00DBD39C /* LaunchScreen.storyboard */ = {
			isa = PBXVariantGroup;
			children = (
				94D3D0C81FA344CF00DBD39C /* Base */,
			);
			name = LaunchScreen.storyboard;
			sourceTree = "<group>";
		};
/* End PBXVariantGroup section */

/* Begin XCBuildConfiguration section */
		94D3D0E11FA344D000DBD39C /* Debug */ = {
			isa = XCBuildConfiguration;
			buildSettings = {
				ALWAYS_SEARCH_USER_PATHS = NO;
				CLANG_ANALYZER_NONNULL = YES;
				CLANG_ANALYZER_NUMBER_OBJECT_CONVERSION = YES_AGGRESSIVE;
				CLANG_CXX_LANGUAGE_STANDARD = "gnu++14";
				CLANG_CXX_LIBRARY = "libc++";
				CLANG_ENABLE_MODULES = YES;
				CLANG_ENABLE_OBJC_ARC = YES;
				CLANG_WARN_BLOCK_CAPTURE_AUTORELEASING = YES;
				CLANG_WARN_BOOL_CONVERSION = YES;
				CLANG_WARN_COMMA = YES;
				CLANG_WARN_CONSTANT_CONVERSION = YES;
				CLANG_WARN_DIRECT_OBJC_ISA_USAGE = YES_ERROR;
				CLANG_WARN_DOCUMENTATION_COMMENTS = YES;
				CLANG_WARN_EMPTY_BODY = YES;
				CLANG_WARN_ENUM_CONVERSION = YES;
				CLANG_WARN_INFINITE_RECURSION = YES;
				CLANG_WARN_INT_CONVERSION = YES;
				CLANG_WARN_NON_LITERAL_NULL_CONVERSION = YES;
				CLANG_WARN_OBJC_LITERAL_CONVERSION = YES;
				CLANG_WARN_OBJC_ROOT_CLASS = YES_ERROR;
				CLANG_WARN_RANGE_LOOP_ANALYSIS = YES;
				CLANG_WARN_STRICT_PROTOTYPES = YES;
				CLANG_WARN_SUSPICIOUS_MOVE = YES;
				CLANG_WARN_UNGUARDED_AVAILABILITY = YES_AGGRESSIVE;
				CLANG_WARN_UNREACHABLE_CODE = YES;
				CLANG_WARN__DUPLICATE_METHOD_MATCH = YES;
				CODE_SIGN_IDENTITY = "iPhone Developer";
				COPY_PHASE_STRIP = NO;
				DEBUG_INFORMATION_FORMAT = dwarf;
				ENABLE_STRICT_OBJC_MSGSEND = YES;
				ENABLE_TESTABILITY = YES;
				GCC_C_LANGUAGE_STANDARD = gnu11;
				GCC_DYNAMIC_NO_PIC = NO;
				GCC_NO_COMMON_BLOCKS = YES;
				GCC_OPTIMIZATION_LEVEL = 0;
				GCC_PREPROCESSOR_DEFINITIONS = (
					"DEBUG=1",
					"$(inherited)",
				);
				GCC_WARN_64_TO_32_BIT_CONVERSION = YES;
				GCC_WARN_ABOUT_RETURN_TYPE = YES_ERROR;
				GCC_WARN_UNDECLARED_SELECTOR = YES;
				GCC_WARN_UNINITIALIZED_AUTOS = YES_AGGRESSIVE;
				GCC_WARN_UNUSED_FUNCTION = YES;
				GCC_WARN_UNUSED_VARIABLE = YES;
				IPHONEOS_DEPLOYMENT_TARGET = 11.0;
				MTL_ENABLE_DEBUG_INFO = YES;
				ONLY_ACTIVE_ARCH = YES;
				SDKROOT = iphoneos;
				SWIFT_ACTIVE_COMPILATION_CONDITIONS = DEBUG;
				SWIFT_OPTIMIZATION_LEVEL = "-Onone";
			};
			name = Debug;
		};
		94D3D0E21FA344D000DBD39C /* Release */ = {
			isa = XCBuildConfiguration;
			buildSettings = {
				ALWAYS_SEARCH_USER_PATHS = NO;
				CLANG_ANALYZER_NONNULL = YES;
				CLANG_ANALYZER_NUMBER_OBJECT_CONVERSION = YES_AGGRESSIVE;
				CLANG_CXX_LANGUAGE_STANDARD = "gnu++14";
				CLANG_CXX_LIBRARY = "libc++";
				CLANG_ENABLE_MODULES = YES;
				CLANG_ENABLE_OBJC_ARC = YES;
				CLANG_WARN_BLOCK_CAPTURE_AUTORELEASING = YES;
				CLANG_WARN_BOOL_CONVERSION = YES;
				CLANG_WARN_COMMA = YES;
				CLANG_WARN_CONSTANT_CONVERSION = YES;
				CLANG_WARN_DIRECT_OBJC_ISA_USAGE = YES_ERROR;
				CLANG_WARN_DOCUMENTATION_COMMENTS = YES;
				CLANG_WARN_EMPTY_BODY = YES;
				CLANG_WARN_ENUM_CONVERSION = YES;
				CLANG_WARN_INFINITE_RECURSION = YES;
				CLANG_WARN_INT_CONVERSION = YES;
				CLANG_WARN_NON_LITERAL_NULL_CONVERSION = YES;
				CLANG_WARN_OBJC_LITERAL_CONVERSION = YES;
				CLANG_WARN_OBJC_ROOT_CLASS = YES_ERROR;
				CLANG_WARN_RANGE_LOOP_ANALYSIS = YES;
				CLANG_WARN_STRICT_PROTOTYPES = YES;
				CLANG_WARN_SUSPICIOUS_MOVE = YES;
				CLANG_WARN_UNGUARDED_AVAILABILITY = YES_AGGRESSIVE;
				CLANG_WARN_UNREACHABLE_CODE = YES;
				CLANG_WARN__DUPLICATE_METHOD_MATCH = YES;
				CODE_SIGN_IDENTITY = "iPhone Developer";
				COPY_PHASE_STRIP = NO;
				DEBUG_INFORMATION_FORMAT = "dwarf-with-dsym";
				ENABLE_NS_ASSERTIONS = NO;
				ENABLE_STRICT_OBJC_MSGSEND = YES;
				GCC_C_LANGUAGE_STANDARD = gnu11;
				GCC_NO_COMMON_BLOCKS = YES;
				GCC_WARN_64_TO_32_BIT_CONVERSION = YES;
				GCC_WARN_ABOUT_RETURN_TYPE = YES_ERROR;
				GCC_WARN_UNDECLARED_SELECTOR = YES;
				GCC_WARN_UNINITIALIZED_AUTOS = YES_AGGRESSIVE;
				GCC_WARN_UNUSED_FUNCTION = YES;
				GCC_WARN_UNUSED_VARIABLE = YES;
				IPHONEOS_DEPLOYMENT_TARGET = 11.0;
				MTL_ENABLE_DEBUG_INFO = NO;
				SDKROOT = iphoneos;
				SWIFT_OPTIMIZATION_LEVEL = "-Owholemodule";
				VALIDATE_PRODUCT = YES;
			};
			name = Release;
		};
		94D3D0E41FA344D000DBD39C /* Debug */ = {
			isa = XCBuildConfiguration;
			baseConfigurationReference = 0A2B6D1FB05D9A9576FC0EE2 /* Pods-edadil.debug.xcconfig */;
			buildSettings = {
				ASSETCATALOG_COMPILER_APPICON_NAME = AppIcon;
				CLANG_ENABLE_MODULES = YES;
				CODE_SIGN_STYLE = Automatic;
				DEVELOPMENT_TEAM = LXCS739P9Z;
				INFOPLIST_FILE = edadil/Info.plist;
				IPHONEOS_DEPLOYMENT_TARGET = 9.0;
				LD_RUNPATH_SEARCH_PATHS = "$(inherited) @executable_path/Frameworks";
				PRODUCT_BUNDLE_IDENTIFIER = ru.maxim.edadil;
				PRODUCT_NAME = "$(TARGET_NAME)";
				SWIFT_OBJC_BRIDGING_HEADER = "edadil/edadil-Bridging-Header.h";
				SWIFT_OPTIMIZATION_LEVEL = "-Onone";
				SWIFT_VERSION = 4.0;
				TARGETED_DEVICE_FAMILY = "1,2";
			};
			name = Debug;
		};
		94D3D0E51FA344D000DBD39C /* Release */ = {
			isa = XCBuildConfiguration;
			baseConfigurationReference = 518C952CD1C8BE5CC0C1663C /* Pods-edadil.release.xcconfig */;
			buildSettings = {
				ASSETCATALOG_COMPILER_APPICON_NAME = AppIcon;
				CLANG_ENABLE_MODULES = YES;
				CODE_SIGN_STYLE = Automatic;
				DEVELOPMENT_TEAM = LXCS739P9Z;
				INFOPLIST_FILE = edadil/Info.plist;
				IPHONEOS_DEPLOYMENT_TARGET = 9.0;
				LD_RUNPATH_SEARCH_PATHS = "$(inherited) @executable_path/Frameworks";
				PRODUCT_BUNDLE_IDENTIFIER = ru.maxim.edadil;
				PRODUCT_NAME = "$(TARGET_NAME)";
				SWIFT_OBJC_BRIDGING_HEADER = "edadil/edadil-Bridging-Header.h";
				SWIFT_VERSION = 4.0;
				TARGETED_DEVICE_FAMILY = "1,2";
			};
			name = Release;
		};
		94D3D0E71FA344D000DBD39C /* Debug */ = {
			isa = XCBuildConfiguration;
			baseConfigurationReference = B09F268D1D61193B5FD0C4A3 /* Pods-edadilTests.debug.xcconfig */;
			buildSettings = {
				ALWAYS_EMBED_SWIFT_STANDARD_LIBRARIES = YES;
				BUNDLE_LOADER = "$(TEST_HOST)";
				CODE_SIGN_STYLE = Automatic;
				DEVELOPMENT_TEAM = LXCS739P9Z;
				INFOPLIST_FILE = edadilTests/Info.plist;
				LD_RUNPATH_SEARCH_PATHS = "$(inherited) @executable_path/Frameworks @loader_path/Frameworks";
				PRODUCT_BUNDLE_IDENTIFIER = ru.maxim.edadilTests;
				PRODUCT_NAME = "$(TARGET_NAME)";
				SWIFT_VERSION = 4.0;
				TARGETED_DEVICE_FAMILY = "1,2";
				TEST_HOST = "$(BUILT_PRODUCTS_DIR)/edadil.app/edadil";
			};
			name = Debug;
		};
		94D3D0E81FA344D000DBD39C /* Release */ = {
			isa = XCBuildConfiguration;
			baseConfigurationReference = D6416EED0CF474619912E3CD /* Pods-edadilTests.release.xcconfig */;
			buildSettings = {
				ALWAYS_EMBED_SWIFT_STANDARD_LIBRARIES = YES;
				BUNDLE_LOADER = "$(TEST_HOST)";
				CODE_SIGN_STYLE = Automatic;
				DEVELOPMENT_TEAM = LXCS739P9Z;
				INFOPLIST_FILE = edadilTests/Info.plist;
				LD_RUNPATH_SEARCH_PATHS = "$(inherited) @executable_path/Frameworks @loader_path/Frameworks";
				PRODUCT_BUNDLE_IDENTIFIER = ru.maxim.edadilTests;
				PRODUCT_NAME = "$(TARGET_NAME)";
				SWIFT_VERSION = 4.0;
				TARGETED_DEVICE_FAMILY = "1,2";
				TEST_HOST = "$(BUILT_PRODUCTS_DIR)/edadil.app/edadil";
			};
			name = Release;
		};
		94D3D0EA1FA344D000DBD39C /* Debug */ = {
			isa = XCBuildConfiguration;
			baseConfigurationReference = 170C653EDBB2C4907E4CB523 /* Pods-edadilUITests.debug.xcconfig */;
			buildSettings = {
				ALWAYS_EMBED_SWIFT_STANDARD_LIBRARIES = YES;
				CODE_SIGN_STYLE = Automatic;
				DEVELOPMENT_TEAM = LXCS739P9Z;
				INFOPLIST_FILE = edadilUITests/Info.plist;
				LD_RUNPATH_SEARCH_PATHS = "$(inherited) @executable_path/Frameworks @loader_path/Frameworks";
				PRODUCT_BUNDLE_IDENTIFIER = ru.maxim.edadilUITests;
				PRODUCT_NAME = "$(TARGET_NAME)";
				SWIFT_VERSION = 4.0;
				TARGETED_DEVICE_FAMILY = "1,2";
				TEST_TARGET_NAME = edadil;
			};
			name = Debug;
		};
		94D3D0EB1FA344D000DBD39C /* Release */ = {
			isa = XCBuildConfiguration;
			baseConfigurationReference = 15E418B95C67E98CFC14C085 /* Pods-edadilUITests.release.xcconfig */;
			buildSettings = {
				ALWAYS_EMBED_SWIFT_STANDARD_LIBRARIES = YES;
				CODE_SIGN_STYLE = Automatic;
				DEVELOPMENT_TEAM = LXCS739P9Z;
				INFOPLIST_FILE = edadilUITests/Info.plist;
				LD_RUNPATH_SEARCH_PATHS = "$(inherited) @executable_path/Frameworks @loader_path/Frameworks";
				PRODUCT_BUNDLE_IDENTIFIER = ru.maxim.edadilUITests;
				PRODUCT_NAME = "$(TARGET_NAME)";
				SWIFT_VERSION = 4.0;
				TARGETED_DEVICE_FAMILY = "1,2";
				TEST_TARGET_NAME = edadil;
			};
			name = Release;
		};
/* End XCBuildConfiguration section */

/* Begin XCConfigurationList section */
		94D3D0B61FA344CF00DBD39C /* Build configuration list for PBXProject "edadil" */ = {
			isa = XCConfigurationList;
			buildConfigurations = (
				94D3D0E11FA344D000DBD39C /* Debug */,
				94D3D0E21FA344D000DBD39C /* Release */,
			);
			defaultConfigurationIsVisible = 0;
			defaultConfigurationName = Release;
		};
		94D3D0E31FA344D000DBD39C /* Build configuration list for PBXNativeTarget "edadil" */ = {
			isa = XCConfigurationList;
			buildConfigurations = (
				94D3D0E41FA344D000DBD39C /* Debug */,
				94D3D0E51FA344D000DBD39C /* Release */,
			);
			defaultConfigurationIsVisible = 0;
			defaultConfigurationName = Release;
		};
		94D3D0E61FA344D000DBD39C /* Build configuration list for PBXNativeTarget "edadilTests" */ = {
			isa = XCConfigurationList;
			buildConfigurations = (
				94D3D0E71FA344D000DBD39C /* Debug */,
				94D3D0E81FA344D000DBD39C /* Release */,
			);
			defaultConfigurationIsVisible = 0;
			defaultConfigurationName = Release;
		};
		94D3D0E91FA344D000DBD39C /* Build configuration list for PBXNativeTarget "edadilUITests" */ = {
			isa = XCConfigurationList;
			buildConfigurations = (
				94D3D0EA1FA344D000DBD39C /* Debug */,
				94D3D0EB1FA344D000DBD39C /* Release */,
			);
			defaultConfigurationIsVisible = 0;
			defaultConfigurationName = Release;
		};
/* End XCConfigurationList section */

/* Begin XCVersionGroup section */
		94D3D0F21FA3455F00DBD39C /* Model.xcdatamodeld */ = {
			isa = XCVersionGroup;
			children = (
				94D3D0F31FA3455F00DBD39C /* Model.xcdatamodel */,
			);
			currentVersion = 94D3D0F31FA3455F00DBD39C /* Model.xcdatamodel */;
			path = Model.xcdatamodeld;
			sourceTree = "<group>";
			versionGroupType = wrapper.xcdatamodel;
		};
/* End XCVersionGroup section */
	};
	rootObject = 94D3D0B31FA344CF00DBD39C /* Project object */;
}
