// !$*UTF8*$!
{
	archiveVersion = 1;
	classes = {
	};
	objectVersion = 48;
	objects = {

/* Begin PBXBuildFile section */
		054230F141BE1BC4135357F0 /* Pods_RxTableCell.framework in Frameworks */ = {isa = PBXBuildFile; fileRef = 834A548ACC74B3D02C20CD45 /* Pods_RxTableCell.framework */; };
		943A006A1FB06D8400E6B38F /* RxTableViewController.swift in Sources */ = {isa = PBXBuildFile; fileRef = 943A00691FB06D8400E6B38F /* RxTableViewController.swift */; };
		943A006C1FB06DDD00E6B38F /* RxPresenter.swift in Sources */ = {isa = PBXBuildFile; fileRef = 943A006B1FB06DDD00E6B38F /* RxPresenter.swift */; };
		943A00701FB06DF100E6B38F /* RxModelStorage.swift in Sources */ = {isa = PBXBuildFile; fileRef = 943A006F1FB06DF100E6B38F /* RxModelStorage.swift */; };
		943A00721FB06E4200E6B38F /* RxTableViewCell.swift in Sources */ = {isa = PBXBuildFile; fileRef = 943A00711FB06E4200E6B38F /* RxTableViewCell.swift */; };
		943A00741FB06E7700E6B38F /* Product.swift in Sources */ = {isa = PBXBuildFile; fileRef = 943A00731FB06E7700E6B38F /* Product.swift */; };
		943A00761FB06F5800E6B38F /* RxContainer.swift in Sources */ = {isa = PBXBuildFile; fileRef = 943A00751FB06F5800E6B38F /* RxContainer.swift */; };
		943A00791FB0708B00E6B38F /* RxCellContainer.swift in Sources */ = {isa = PBXBuildFile; fileRef = 943A00781FB0708B00E6B38F /* RxCellContainer.swift */; };
		943A007B1FB0736300E6B38F /* MemoryStorage.swift in Sources */ = {isa = PBXBuildFile; fileRef = 943A007A1FB0736300E6B38F /* MemoryStorage.swift */; };
		9497E2F61FB0807D0069B402 /* ProductStorage.swift in Sources */ = {isa = PBXBuildFile; fileRef = 9497E2F51FB0807C0069B402 /* ProductStorage.swift */; };
		94B539C41FB06D27001A7051 /* AppDelegate.swift in Sources */ = {isa = PBXBuildFile; fileRef = 94B539C31FB06D27001A7051 /* AppDelegate.swift */; };
		94B539CB1FB06D27001A7051 /* Assets.xcassets in Resources */ = {isa = PBXBuildFile; fileRef = 94B539CA1FB06D27001A7051 /* Assets.xcassets */; };
		94B539CE1FB06D27001A7051 /* LaunchScreen.storyboard in Resources */ = {isa = PBXBuildFile; fileRef = 94B539CC1FB06D27001A7051 /* LaunchScreen.storyboard */; };
/* End PBXBuildFile section */

/* Begin PBXFileReference section */
		834A548ACC74B3D02C20CD45 /* Pods_RxTableCell.framework */ = {isa = PBXFileReference; explicitFileType = wrapper.framework; includeInIndex = 0; path = Pods_RxTableCell.framework; sourceTree = BUILT_PRODUCTS_DIR; };
		943A00691FB06D8400E6B38F /* RxTableViewController.swift */ = {isa = PBXFileReference; lastKnownFileType = sourcecode.swift; path = RxTableViewController.swift; sourceTree = "<group>"; };
		943A006B1FB06DDD00E6B38F /* RxPresenter.swift */ = {isa = PBXFileReference; lastKnownFileType = sourcecode.swift; path = RxPresenter.swift; sourceTree = "<group>"; };
		943A006F1FB06DF100E6B38F /* RxModelStorage.swift */ = {isa = PBXFileReference; lastKnownFileType = sourcecode.swift; path = RxModelStorage.swift; sourceTree = "<group>"; };
		943A00711FB06E4200E6B38F /* RxTableViewCell.swift */ = {isa = PBXFileReference; lastKnownFileType = sourcecode.swift; path = RxTableViewCell.swift; sourceTree = "<group>"; };
		943A00731FB06E7700E6B38F /* Product.swift */ = {isa = PBXFileReference; lastKnownFileType = sourcecode.swift; path = Product.swift; sourceTree = "<group>"; };
		943A00751FB06F5800E6B38F /* RxContainer.swift */ = {isa = PBXFileReference; lastKnownFileType = sourcecode.swift; path = RxContainer.swift; sourceTree = "<group>"; };
		943A00781FB0708B00E6B38F /* RxCellContainer.swift */ = {isa = PBXFileReference; lastKnownFileType = sourcecode.swift; path = RxCellContainer.swift; sourceTree = "<group>"; };
		943A007A1FB0736300E6B38F /* MemoryStorage.swift */ = {isa = PBXFileReference; lastKnownFileType = sourcecode.swift; path = MemoryStorage.swift; sourceTree = "<group>"; };
		9497E2F51FB0807C0069B402 /* ProductStorage.swift */ = {isa = PBXFileReference; fileEncoding = 4; lastKnownFileType = sourcecode.swift; path = ProductStorage.swift; sourceTree = "<group>"; };
		94B539C01FB06D27001A7051 /* RxTableCell.app */ = {isa = PBXFileReference; explicitFileType = wrapper.application; includeInIndex = 0; path = RxTableCell.app; sourceTree = BUILT_PRODUCTS_DIR; };
		94B539C31FB06D27001A7051 /* AppDelegate.swift */ = {isa = PBXFileReference; lastKnownFileType = sourcecode.swift; path = AppDelegate.swift; sourceTree = "<group>"; };
		94B539CA1FB06D27001A7051 /* Assets.xcassets */ = {isa = PBXFileReference; lastKnownFileType = folder.assetcatalog; path = Assets.xcassets; sourceTree = "<group>"; };
		94B539CD1FB06D27001A7051 /* Base */ = {isa = PBXFileReference; lastKnownFileType = file.storyboard; name = Base; path = Base.lproj/LaunchScreen.storyboard; sourceTree = "<group>"; };
		94B539CF1FB06D27001A7051 /* Info.plist */ = {isa = PBXFileReference; lastKnownFileType = text.plist.xml; path = Info.plist; sourceTree = "<group>"; };
		C399B517A9DDBC2E892273D7 /* Pods-RxTableCell.release.xcconfig */ = {isa = PBXFileReference; includeInIndex = 1; lastKnownFileType = text.xcconfig; name = "Pods-RxTableCell.release.xcconfig"; path = "Pods/Target Support Files/Pods-RxTableCell/Pods-RxTableCell.release.xcconfig"; sourceTree = "<group>"; };
		E5E20B8D1736FE4939153F50 /* Pods-RxTableCell.debug.xcconfig */ = {isa = PBXFileReference; includeInIndex = 1; lastKnownFileType = text.xcconfig; name = "Pods-RxTableCell.debug.xcconfig"; path = "Pods/Target Support Files/Pods-RxTableCell/Pods-RxTableCell.debug.xcconfig"; sourceTree = "<group>"; };
/* End PBXFileReference section */

/* Begin PBXFrameworksBuildPhase section */
		94B539BD1FB06D27001A7051 /* Frameworks */ = {
			isa = PBXFrameworksBuildPhase;
			buildActionMask = 2147483647;
			files = (
				054230F141BE1BC4135357F0 /* Pods_RxTableCell.framework in Frameworks */,
			);
			runOnlyForDeploymentPostprocessing = 0;
		};
/* End PBXFrameworksBuildPhase section */

/* Begin PBXGroup section */
		066768A626F0EA881944CB63 /* Pods */ = {
			isa = PBXGroup;
			children = (
				E5E20B8D1736FE4939153F50 /* Pods-RxTableCell.debug.xcconfig */,
				C399B517A9DDBC2E892273D7 /* Pods-RxTableCell.release.xcconfig */,
			);
			name = Pods;
			sourceTree = "<group>";
		};
		6C8B50C97BE88CE41232A795 /* Frameworks */ = {
			isa = PBXGroup;
			children = (
				834A548ACC74B3D02C20CD45 /* Pods_RxTableCell.framework */,
			);
			name = Frameworks;
			sourceTree = "<group>";
		};
		943A00771FB0707D00E6B38F /* RxTableViewCell */ = {
			isa = PBXGroup;
			children = (
				943A00781FB0708B00E6B38F /* RxCellContainer.swift */,
				943A00711FB06E4200E6B38F /* RxTableViewCell.swift */,
			);
			path = RxTableViewCell;
			sourceTree = "<group>";
		};
		94B539B71FB06D27001A7051 = {
			isa = PBXGroup;
			children = (
				6C8B50C97BE88CE41232A795 /* Frameworks */,
				066768A626F0EA881944CB63 /* Pods */,
				94B539C11FB06D27001A7051 /* Products */,
				94B539C21FB06D27001A7051 /* RxTableCell */,
			);
			sourceTree = "<group>";
		};
		94B539C11FB06D27001A7051 /* Products */ = {
			isa = PBXGroup;
			children = (
				94B539C01FB06D27001A7051 /* RxTableCell.app */,
			);
			name = Products;
			sourceTree = "<group>";
		};
		94B539C21FB06D27001A7051 /* RxTableCell */ = {
			isa = PBXGroup;
			children = (
				9497E2F51FB0807C0069B402 /* ProductStorage.swift */,
				943A00771FB0707D00E6B38F /* RxTableViewCell */,
				94B539C31FB06D27001A7051 /* AppDelegate.swift */,
				94B539CA1FB06D27001A7051 /* Assets.xcassets */,
				94B539CF1FB06D27001A7051 /* Info.plist */,
				94B539CC1FB06D27001A7051 /* LaunchScreen.storyboard */,
				943A00731FB06E7700E6B38F /* Product.swift */,
				943A00751FB06F5800E6B38F /* RxContainer.swift */,
				943A006F1FB06DF100E6B38F /* RxModelStorage.swift */,
				943A006B1FB06DDD00E6B38F /* RxPresenter.swift */,
				943A00691FB06D8400E6B38F /* RxTableViewController.swift */,
				943A007A1FB0736300E6B38F /* MemoryStorage.swift */,
			);
			path = RxTableCell;
			sourceTree = "<group>";
		};
/* End PBXGroup section */

/* Begin PBXNativeTarget section */
		94B539BF1FB06D27001A7051 /* RxTableCell */ = {
			isa = PBXNativeTarget;
			buildConfigurationList = 94B539D21FB06D27001A7051 /* Build configuration list for PBXNativeTarget "RxTableCell" */;
			buildPhases = (
				12032DE5345C2B5F3298EAC1 /* [CP] Check Pods Manifest.lock */,
				94B539BC1FB06D27001A7051 /* Sources */,
				94B539BD1FB06D27001A7051 /* Frameworks */,
				94B539BE1FB06D27001A7051 /* Resources */,
				1A1729294B8B588EAF4ADE1B /* [CP] Embed Pods Frameworks */,
				501FA78B5985FFEA5622BA19 /* [CP] Copy Pods Resources */,
			);
			buildRules = (
			);
			dependencies = (
			);
			name = RxTableCell;
			productName = RxTableCell;
			productReference = 94B539C01FB06D27001A7051 /* RxTableCell.app */;
			productType = "com.apple.product-type.application";
		};
/* End PBXNativeTarget section */

/* Begin PBXProject section */
		94B539B81FB06D27001A7051 /* Project object */ = {
			isa = PBXProject;
			attributes = {
				LastSwiftUpdateCheck = 0900;
				LastUpgradeCheck = 0900;
				ORGANIZATIONNAME = "Maxim Kolesnik";
				TargetAttributes = {
					94B539BF1FB06D27001A7051 = {
						CreatedOnToolsVersion = 9.0.1;
						ProvisioningStyle = Automatic;
					};
				};
			};
			buildConfigurationList = 94B539BB1FB06D27001A7051 /* Build configuration list for PBXProject "RxTableCell" */;
			compatibilityVersion = "Xcode 8.0";
			developmentRegion = en;
			hasScannedForEncodings = 0;
			knownRegions = (
				en,
				Base,
			);
			mainGroup = 94B539B71FB06D27001A7051;
			productRefGroup = 94B539C11FB06D27001A7051 /* Products */;
			projectDirPath = "";
			projectRoot = "";
			targets = (
				94B539BF1FB06D27001A7051 /* RxTableCell */,
			);
		};
/* End PBXProject section */

/* Begin PBXResourcesBuildPhase section */
		94B539BE1FB06D27001A7051 /* Resources */ = {
			isa = PBXResourcesBuildPhase;
			buildActionMask = 2147483647;
			files = (
				94B539CE1FB06D27001A7051 /* LaunchScreen.storyboard in Resources */,
				94B539CB1FB06D27001A7051 /* Assets.xcassets in Resources */,
			);
			runOnlyForDeploymentPostprocessing = 0;
		};
/* End PBXResourcesBuildPhase section */

/* Begin PBXShellScriptBuildPhase section */
		12032DE5345C2B5F3298EAC1 /* [CP] Check Pods Manifest.lock */ = {
			isa = PBXShellScriptBuildPhase;
			buildActionMask = 2147483647;
			files = (
			);
			inputPaths = (
				"${PODS_PODFILE_DIR_PATH}/Podfile.lock",
				"${PODS_ROOT}/Manifest.lock",
			);
			name = "[CP] Check Pods Manifest.lock";
			outputPaths = (
				"$(DERIVED_FILE_DIR)/Pods-RxTableCell-checkManifestLockResult.txt",
			);
			runOnlyForDeploymentPostprocessing = 0;
			shellPath = /bin/sh;
			shellScript = "diff \"${PODS_PODFILE_DIR_PATH}/Podfile.lock\" \"${PODS_ROOT}/Manifest.lock\" > /dev/null\nif [ $? != 0 ] ; then\n    # print error to STDERR\n    echo \"error: The sandbox is not in sync with the Podfile.lock. Run 'pod install' or update your CocoaPods installation.\" >&2\n    exit 1\nfi\n# This output is used by Xcode 'outputs' to avoid re-running this script phase.\necho \"SUCCESS\" > \"${SCRIPT_OUTPUT_FILE_0}\"\n";
			showEnvVarsInLog = 0;
		};
		1A1729294B8B588EAF4ADE1B /* [CP] Embed Pods Frameworks */ = {
			isa = PBXShellScriptBuildPhase;
			buildActionMask = 2147483647;
			files = (
			);
			inputPaths = (
				"${SRCROOT}/Pods/Target Support Files/Pods-RxTableCell/Pods-RxTableCell-frameworks.sh",
				"${BUILT_PRODUCTS_DIR}/DTModelStorage/DTModelStorage.framework",
				"${BUILT_PRODUCTS_DIR}/DTTableViewManager/DTTableViewManager.framework",
				"${BUILT_PRODUCTS_DIR}/RxCocoa/RxCocoa.framework",
				"${BUILT_PRODUCTS_DIR}/RxSwift/RxSwift.framework",
			);
			name = "[CP] Embed Pods Frameworks";
			outputPaths = (
				"${TARGET_BUILD_DIR}/${FRAMEWORKS_FOLDER_PATH}/DTModelStorage.framework",
				"${TARGET_BUILD_DIR}/${FRAMEWORKS_FOLDER_PATH}/DTTableViewManager.framework",
				"${TARGET_BUILD_DIR}/${FRAMEWORKS_FOLDER_PATH}/RxCocoa.framework",
				"${TARGET_BUILD_DIR}/${FRAMEWORKS_FOLDER_PATH}/RxSwift.framework",
			);
			runOnlyForDeploymentPostprocessing = 0;
			shellPath = /bin/sh;
			shellScript = "\"${SRCROOT}/Pods/Target Support Files/Pods-RxTableCell/Pods-RxTableCell-frameworks.sh\"\n";
			showEnvVarsInLog = 0;
		};
		501FA78B5985FFEA5622BA19 /* [CP] Copy Pods Resources */ = {
			isa = PBXShellScriptBuildPhase;
			buildActionMask = 2147483647;
			files = (
			);
			inputPaths = (
			);
			name = "[CP] Copy Pods Resources";
			outputPaths = (
			);
			runOnlyForDeploymentPostprocessing = 0;
			shellPath = /bin/sh;
			shellScript = "\"${SRCROOT}/Pods/Target Support Files/Pods-RxTableCell/Pods-RxTableCell-resources.sh\"\n";
			showEnvVarsInLog = 0;
		};
/* End PBXShellScriptBuildPhase section */

/* Begin PBXSourcesBuildPhase section */
		94B539BC1FB06D27001A7051 /* Sources */ = {
			isa = PBXSourcesBuildPhase;
			buildActionMask = 2147483647;
			files = (
				94B539C41FB06D27001A7051 /* AppDelegate.swift in Sources */,
				943A00761FB06F5800E6B38F /* RxContainer.swift in Sources */,
				943A00721FB06E4200E6B38F /* RxTableViewCell.swift in Sources */,
				943A007B1FB0736300E6B38F /* MemoryStorage.swift in Sources */,
				9497E2F61FB0807D0069B402 /* ProductStorage.swift in Sources */,
				943A006C1FB06DDD00E6B38F /* RxPresenter.swift in Sources */,
				943A006A1FB06D8400E6B38F /* RxTableViewController.swift in Sources */,
				943A00791FB0708B00E6B38F /* RxCellContainer.swift in Sources */,
				943A00701FB06DF100E6B38F /* RxModelStorage.swift in Sources */,
				943A00741FB06E7700E6B38F /* Product.swift in Sources */,
			);
			runOnlyForDeploymentPostprocessing = 0;
		};
/* End PBXSourcesBuildPhase section */

/* Begin PBXVariantGroup section */
		94B539CC1FB06D27001A7051 /* LaunchScreen.storyboard */ = {
			isa = PBXVariantGroup;
			children = (
				94B539CD1FB06D27001A7051 /* Base */,
			);
			name = LaunchScreen.storyboard;
			path = .;
			sourceTree = "<group>";
		};
/* End PBXVariantGroup section */

/* Begin XCBuildConfiguration section */
		94B539D01FB06D27001A7051 /* Debug */ = {
			isa = XCBuildConfiguration;
			buildSettings = {
				ALWAYS_SEARCH_USER_PATHS = NO;
				CLANG_ANALYZER_NONNULL = YES;
				CLANG_ANALYZER_NUMBER_OBJECT_CONVERSION = YES_AGGRESSIVE;
				CLANG_CXX_LANGUAGE_STANDARD = "gnu++14";
				CLANG_CXX_LIBRARY = "libc++";
				CLANG_ENABLE_MODULES = YES;
				CLANG_ENABLE_OBJC_ARC = YES;
				CLANG_WARN_BLOCK_CAPTURE_AUTORELEASING = YES;
				CLANG_WARN_BOOL_CONVERSION = YES;
				CLANG_WARN_COMMA = YES;
				CLANG_WARN_CONSTANT_CONVERSION = YES;
				CLANG_WARN_DIRECT_OBJC_ISA_USAGE = YES_ERROR;
				CLANG_WARN_DOCUMENTATION_COMMENTS = YES;
				CLANG_WARN_EMPTY_BODY = YES;
				CLANG_WARN_ENUM_CONVERSION = YES;
				CLANG_WARN_INFINITE_RECURSION = YES;
				CLANG_WARN_INT_CONVERSION = YES;
				CLANG_WARN_NON_LITERAL_NULL_CONVERSION = YES;
				CLANG_WARN_OBJC_LITERAL_CONVERSION = YES;
				CLANG_WARN_OBJC_ROOT_CLASS = YES_ERROR;
				CLANG_WARN_RANGE_LOOP_ANALYSIS = YES;
				CLANG_WARN_STRICT_PROTOTYPES = YES;
				CLANG_WARN_SUSPICIOUS_MOVE = YES;
				CLANG_WARN_UNGUARDED_AVAILABILITY = YES_AGGRESSIVE;
				CLANG_WARN_UNREACHABLE_CODE = YES;
				CLANG_WARN__DUPLICATE_METHOD_MATCH = YES;
				CODE_SIGN_IDENTITY = "iPhone Developer";
				COPY_PHASE_STRIP = NO;
				DEBUG_INFORMATION_FORMAT = dwarf;
				ENABLE_STRICT_OBJC_MSGSEND = YES;
				ENABLE_TESTABILITY = YES;
				GCC_C_LANGUAGE_STANDARD = gnu11;
				GCC_DYNAMIC_NO_PIC = NO;
				GCC_NO_COMMON_BLOCKS = YES;
				GCC_OPTIMIZATION_LEVEL = 0;
				GCC_PREPROCESSOR_DEFINITIONS = (
					"DEBUG=1",
					"$(inherited)",
				);
				GCC_WARN_64_TO_32_BIT_CONVERSION = YES;
				GCC_WARN_ABOUT_RETURN_TYPE = YES_ERROR;
				GCC_WARN_UNDECLARED_SELECTOR = YES;
				GCC_WARN_UNINITIALIZED_AUTOS = YES_AGGRESSIVE;
				GCC_WARN_UNUSED_FUNCTION = YES;
				GCC_WARN_UNUSED_VARIABLE = YES;
				IPHONEOS_DEPLOYMENT_TARGET = 11.0;
				MTL_ENABLE_DEBUG_INFO = YES;
				ONLY_ACTIVE_ARCH = YES;
				SDKROOT = iphoneos;
				SWIFT_ACTIVE_COMPILATION_CONDITIONS = DEBUG;
				SWIFT_OPTIMIZATION_LEVEL = "-Onone";
			};
			name = Debug;
		};
		94B539D11FB06D27001A7051 /* Release */ = {
			isa = XCBuildConfiguration;
			buildSettings = {
				ALWAYS_SEARCH_USER_PATHS = NO;
				CLANG_ANALYZER_NONNULL = YES;
				CLANG_ANALYZER_NUMBER_OBJECT_CONVERSION = YES_AGGRESSIVE;
				CLANG_CXX_LANGUAGE_STANDARD = "gnu++14";
				CLANG_CXX_LIBRARY = "libc++";
				CLANG_ENABLE_MODULES = YES;
				CLANG_ENABLE_OBJC_ARC = YES;
				CLANG_WARN_BLOCK_CAPTURE_AUTORELEASING = YES;
				CLANG_WARN_BOOL_CONVERSION = YES;
				CLANG_WARN_COMMA = YES;
				CLANG_WARN_CONSTANT_CONVERSION = YES;
				CLANG_WARN_DIRECT_OBJC_ISA_USAGE = YES_ERROR;
				CLANG_WARN_DOCUMENTATION_COMMENTS = YES;
				CLANG_WARN_EMPTY_BODY = YES;
				CLANG_WARN_ENUM_CONVERSION = YES;
				CLANG_WARN_INFINITE_RECURSION = YES;
				CLANG_WARN_INT_CONVERSION = YES;
				CLANG_WARN_NON_LITERAL_NULL_CONVERSION = YES;
				CLANG_WARN_OBJC_LITERAL_CONVERSION = YES;
				CLANG_WARN_OBJC_ROOT_CLASS = YES_ERROR;
				CLANG_WARN_RANGE_LOOP_ANALYSIS = YES;
				CLANG_WARN_STRICT_PROTOTYPES = YES;
				CLANG_WARN_SUSPICIOUS_MOVE = YES;
				CLANG_WARN_UNGUARDED_AVAILABILITY = YES_AGGRESSIVE;
				CLANG_WARN_UNREACHABLE_CODE = YES;
				CLANG_WARN__DUPLICATE_METHOD_MATCH = YES;
				CODE_SIGN_IDENTITY = "iPhone Developer";
				COPY_PHASE_STRIP = NO;
				DEBUG_INFORMATION_FORMAT = "dwarf-with-dsym";
				ENABLE_NS_ASSERTIONS = NO;
				ENABLE_STRICT_OBJC_MSGSEND = YES;
				GCC_C_LANGUAGE_STANDARD = gnu11;
				GCC_NO_COMMON_BLOCKS = YES;
				GCC_WARN_64_TO_32_BIT_CONVERSION = YES;
				GCC_WARN_ABOUT_RETURN_TYPE = YES_ERROR;
				GCC_WARN_UNDECLARED_SELECTOR = YES;
				GCC_WARN_UNINITIALIZED_AUTOS = YES_AGGRESSIVE;
				GCC_WARN_UNUSED_FUNCTION = YES;
				GCC_WARN_UNUSED_VARIABLE = YES;
				IPHONEOS_DEPLOYMENT_TARGET = 11.0;
				MTL_ENABLE_DEBUG_INFO = NO;
				SDKROOT = iphoneos;
				SWIFT_OPTIMIZATION_LEVEL = "-Owholemodule";
				VALIDATE_PRODUCT = YES;
			};
			name = Release;
		};
		94B539D31FB06D27001A7051 /* Debug */ = {
			isa = XCBuildConfiguration;
			baseConfigurationReference = E5E20B8D1736FE4939153F50 /* Pods-RxTableCell.debug.xcconfig */;
			buildSettings = {
				ASSETCATALOG_COMPILER_APPICON_NAME = AppIcon;
				CODE_SIGN_STYLE = Automatic;
				DEVELOPMENT_TEAM = LXCS739P9Z;
				INFOPLIST_FILE = RxTableCell/Info.plist;
				LD_RUNPATH_SEARCH_PATHS = "$(inherited) @executable_path/Frameworks";
				PRODUCT_BUNDLE_IDENTIFIER = ru.maxim.RxTableCell;
				PRODUCT_NAME = "$(TARGET_NAME)";
				SWIFT_VERSION = 4.0;
				TARGETED_DEVICE_FAMILY = 1;
			};
			name = Debug;
		};
		94B539D41FB06D27001A7051 /* Release */ = {
			isa = XCBuildConfiguration;
			baseConfigurationReference = C399B517A9DDBC2E892273D7 /* Pods-RxTableCell.release.xcconfig */;
			buildSettings = {
				ASSETCATALOG_COMPILER_APPICON_NAME = AppIcon;
				CODE_SIGN_STYLE = Automatic;
				DEVELOPMENT_TEAM = LXCS739P9Z;
				INFOPLIST_FILE = RxTableCell/Info.plist;
				LD_RUNPATH_SEARCH_PATHS = "$(inherited) @executable_path/Frameworks";
				PRODUCT_BUNDLE_IDENTIFIER = ru.maxim.RxTableCell;
				PRODUCT_NAME = "$(TARGET_NAME)";
				SWIFT_VERSION = 4.0;
				TARGETED_DEVICE_FAMILY = 1;
			};
			name = Release;
		};
/* End XCBuildConfiguration section */

/* Begin XCConfigurationList section */
		94B539BB1FB06D27001A7051 /* Build configuration list for PBXProject "RxTableCell" */ = {
			isa = XCConfigurationList;
			buildConfigurations = (
				94B539D01FB06D27001A7051 /* Debug */,
				94B539D11FB06D27001A7051 /* Release */,
			);
			defaultConfigurationIsVisible = 0;
			defaultConfigurationName = Release;
		};
		94B539D21FB06D27001A7051 /* Build configuration list for PBXNativeTarget "RxTableCell" */ = {
			isa = XCConfigurationList;
			buildConfigurations = (
				94B539D31FB06D27001A7051 /* Debug */,
				94B539D41FB06D27001A7051 /* Release */,
			);
			defaultConfigurationIsVisible = 0;
			defaultConfigurationName = Release;
		};
/* End XCConfigurationList section */
	};
	rootObject = 94B539B81FB06D27001A7051 /* Project object */;
}
